// !$*UTF8*$!
{
	archiveVersion = 1;
	classes = {
	};
	objectVersion = 56;
	objects = {

/* Begin PBXBuildFile section */
		844C9B982ACA88660068CEA5 /* Degular-Regular.ttf in Resources */ = {isa = PBXBuildFile; fileRef = 844C9B942ACA88660068CEA5 /* Degular-Regular.ttf */; };
		844C9B992ACA88660068CEA5 /* Degular-Bold.ttf in Resources */ = {isa = PBXBuildFile; fileRef = 844C9B952ACA88660068CEA5 /* Degular-Bold.ttf */; };
		844C9B9A2ACA88660068CEA5 /* Degular-Medium.ttf in Resources */ = {isa = PBXBuildFile; fileRef = 844C9B962ACA88660068CEA5 /* Degular-Medium.ttf */; };
		844C9B9B2ACA88660068CEA5 /* Degular-Semibold.ttf in Resources */ = {isa = PBXBuildFile; fileRef = 844C9B972ACA88660068CEA5 /* Degular-Semibold.ttf */; };
		844C9B9D2ACA893D0068CEA5 /* UIFontExtension.swift in Sources */ = {isa = PBXBuildFile; fileRef = 844C9B9C2ACA893D0068CEA5 /* UIFontExtension.swift */; };
		844C9B9F2ACA8A490068CEA5 /* UIColorExtension.swift in Sources */ = {isa = PBXBuildFile; fileRef = 844C9B9E2ACA8A490068CEA5 /* UIColorExtension.swift */; };
		844C9BA12ACA8C8A0068CEA5 /* UIViewControllerExtension.swift in Sources */ = {isa = PBXBuildFile; fileRef = 844C9BA02ACA8C8A0068CEA5 /* UIViewControllerExtension.swift */; };
		844C9BA32ACAA7480068CEA5 /* TextFields.swift in Sources */ = {isa = PBXBuildFile; fileRef = 844C9BA22ACAA7480068CEA5 /* TextFields.swift */; };
		844C9BA62ACAB4B70068CEA5 /* SignupPresenter.swift in Sources */ = {isa = PBXBuildFile; fileRef = 844C9BA52ACAB4B70068CEA5 /* SignupPresenter.swift */; };
		844C9BA92ACAB5940068CEA5 /* SignupModal.swift in Sources */ = {isa = PBXBuildFile; fileRef = 844C9BA82ACAB5940068CEA5 /* SignupModal.swift */; };
		844C9BAB2ACB043A0068CEA5 /* UserProfileHelper.swift in Sources */ = {isa = PBXBuildFile; fileRef = 844C9BAA2ACB043A0068CEA5 /* UserProfileHelper.swift */; };
		844C9C002ACB12E40068CEA5 /* MedBook.xcdatamodeld in Sources */ = {isa = PBXBuildFile; fileRef = 844C9BFE2ACB12E40068CEA5 /* MedBook.xcdatamodeld */; };
		CFBA605E1A0AFE1BD4EDD50F /* Pods_Medbook.framework in Frameworks */ = {isa = PBXBuildFile; fileRef = DA869001255E41BFED53A05C /* Pods_Medbook.framework */; };
		E1086C502AC9BD2E005D1B7E /* SignupViewController.storyboard in Resources */ = {isa = PBXBuildFile; fileRef = E1086C4F2AC9BD2E005D1B7E /* SignupViewController.storyboard */; };
		E1086C552AC9C015005D1B7E /* HomeViewController.swift in Sources */ = {isa = PBXBuildFile; fileRef = E1086C532AC9C015005D1B7E /* HomeViewController.swift */; };
		E1086C582AC9C047005D1B7E /* HomeViewController.storyboard in Resources */ = {isa = PBXBuildFile; fileRef = E1086C572AC9C047005D1B7E /* HomeViewController.storyboard */; };
		E1ADE5CC2AC9AE7E00A2A502 /* AppDelegate.swift in Sources */ = {isa = PBXBuildFile; fileRef = E1ADE5CB2AC9AE7E00A2A502 /* AppDelegate.swift */; };
		E1ADE5CE2AC9AE7E00A2A502 /* SceneDelegate.swift in Sources */ = {isa = PBXBuildFile; fileRef = E1ADE5CD2AC9AE7E00A2A502 /* SceneDelegate.swift */; };
		E1ADE5D02AC9AE7E00A2A502 /* AppLandingScreen.swift in Sources */ = {isa = PBXBuildFile; fileRef = E1ADE5CF2AC9AE7E00A2A502 /* AppLandingScreen.swift */; };
		E1ADE5D32AC9AE7E00A2A502 /* Main.storyboard in Resources */ = {isa = PBXBuildFile; fileRef = E1ADE5D12AC9AE7E00A2A502 /* Main.storyboard */; };
		E1ADE5D52AC9AE7F00A2A502 /* Assets.xcassets in Resources */ = {isa = PBXBuildFile; fileRef = E1ADE5D42AC9AE7F00A2A502 /* Assets.xcassets */; };
		E1ADE5D82AC9AE7F00A2A502 /* LaunchScreen.storyboard in Resources */ = {isa = PBXBuildFile; fileRef = E1ADE5D62AC9AE7F00A2A502 /* LaunchScreen.storyboard */; };
		E1ADE5E02AC9B51C00A2A502 /* SignupViewController.swift in Sources */ = {isa = PBXBuildFile; fileRef = E1ADE5DF2AC9B51C00A2A502 /* SignupViewController.swift */; };
/* End PBXBuildFile section */

/* Begin PBXFileReference section */
		82232A3A648B5F6A59A8C52E /* Pods-Medbook.release.xcconfig */ = {isa = PBXFileReference; includeInIndex = 1; lastKnownFileType = text.xcconfig; name = "Pods-Medbook.release.xcconfig"; path = "Target Support Files/Pods-Medbook/Pods-Medbook.release.xcconfig"; sourceTree = "<group>"; };
		82A39C0E3010E7CAA2587A36 /* Pods-Medbook.debug.xcconfig */ = {isa = PBXFileReference; includeInIndex = 1; lastKnownFileType = text.xcconfig; name = "Pods-Medbook.debug.xcconfig"; path = "Target Support Files/Pods-Medbook/Pods-Medbook.debug.xcconfig"; sourceTree = "<group>"; };
		844C9B942ACA88660068CEA5 /* Degular-Regular.ttf */ = {isa = PBXFileReference; lastKnownFileType = file; path = "Degular-Regular.ttf"; sourceTree = "<group>"; };
		844C9B952ACA88660068CEA5 /* Degular-Bold.ttf */ = {isa = PBXFileReference; lastKnownFileType = file; path = "Degular-Bold.ttf"; sourceTree = "<group>"; };
		844C9B962ACA88660068CEA5 /* Degular-Medium.ttf */ = {isa = PBXFileReference; lastKnownFileType = file; path = "Degular-Medium.ttf"; sourceTree = "<group>"; };
		844C9B972ACA88660068CEA5 /* Degular-Semibold.ttf */ = {isa = PBXFileReference; lastKnownFileType = file; path = "Degular-Semibold.ttf"; sourceTree = "<group>"; };
		844C9B9C2ACA893D0068CEA5 /* UIFontExtension.swift */ = {isa = PBXFileReference; lastKnownFileType = sourcecode.swift; path = UIFontExtension.swift; sourceTree = "<group>"; };
		844C9B9E2ACA8A490068CEA5 /* UIColorExtension.swift */ = {isa = PBXFileReference; lastKnownFileType = sourcecode.swift; path = UIColorExtension.swift; sourceTree = "<group>"; };
		844C9BA02ACA8C8A0068CEA5 /* UIViewControllerExtension.swift */ = {isa = PBXFileReference; lastKnownFileType = sourcecode.swift; path = UIViewControllerExtension.swift; sourceTree = "<group>"; };
		844C9BA22ACAA7480068CEA5 /* TextFields.swift */ = {isa = PBXFileReference; lastKnownFileType = sourcecode.swift; path = TextFields.swift; sourceTree = "<group>"; };
		844C9BA52ACAB4B70068CEA5 /* SignupPresenter.swift */ = {isa = PBXFileReference; lastKnownFileType = sourcecode.swift; path = SignupPresenter.swift; sourceTree = "<group>"; };
		844C9BA82ACAB5940068CEA5 /* SignupModal.swift */ = {isa = PBXFileReference; lastKnownFileType = sourcecode.swift; path = SignupModal.swift; sourceTree = "<group>"; };
		844C9BAA2ACB043A0068CEA5 /* UserProfileHelper.swift */ = {isa = PBXFileReference; lastKnownFileType = sourcecode.swift; path = UserProfileHelper.swift; sourceTree = "<group>"; };
		844C9BFF2ACB12E40068CEA5 /* MedBook.xcdatamodel */ = {isa = PBXFileReference; lastKnownFileType = wrapper.xcdatamodel; path = MedBook.xcdatamodel; sourceTree = "<group>"; };
		DA869001255E41BFED53A05C /* Pods_Medbook.framework */ = {isa = PBXFileReference; explicitFileType = wrapper.framework; includeInIndex = 0; path = Pods_Medbook.framework; sourceTree = BUILT_PRODUCTS_DIR; };
		E1086C4F2AC9BD2E005D1B7E /* SignupViewController.storyboard */ = {isa = PBXFileReference; lastKnownFileType = file.storyboard; path = SignupViewController.storyboard; sourceTree = "<group>"; };
		E1086C532AC9C015005D1B7E /* HomeViewController.swift */ = {isa = PBXFileReference; lastKnownFileType = sourcecode.swift; path = HomeViewController.swift; sourceTree = "<group>"; };
		E1086C572AC9C047005D1B7E /* HomeViewController.storyboard */ = {isa = PBXFileReference; lastKnownFileType = file.storyboard; path = HomeViewController.storyboard; sourceTree = "<group>"; };
		E1ADE5C82AC9AE7E00A2A502 /* Medbook.app */ = {isa = PBXFileReference; explicitFileType = wrapper.application; includeInIndex = 0; path = Medbook.app; sourceTree = BUILT_PRODUCTS_DIR; };
		E1ADE5CB2AC9AE7E00A2A502 /* AppDelegate.swift */ = {isa = PBXFileReference; lastKnownFileType = sourcecode.swift; path = AppDelegate.swift; sourceTree = "<group>"; };
		E1ADE5CD2AC9AE7E00A2A502 /* SceneDelegate.swift */ = {isa = PBXFileReference; lastKnownFileType = sourcecode.swift; path = SceneDelegate.swift; sourceTree = "<group>"; };
		E1ADE5CF2AC9AE7E00A2A502 /* AppLandingScreen.swift */ = {isa = PBXFileReference; lastKnownFileType = sourcecode.swift; path = AppLandingScreen.swift; sourceTree = "<group>"; };
		E1ADE5D22AC9AE7E00A2A502 /* Base */ = {isa = PBXFileReference; lastKnownFileType = file.storyboard; name = Base; path = Base.lproj/Main.storyboard; sourceTree = "<group>"; };
		E1ADE5D42AC9AE7F00A2A502 /* Assets.xcassets */ = {isa = PBXFileReference; lastKnownFileType = folder.assetcatalog; path = Assets.xcassets; sourceTree = "<group>"; };
		E1ADE5D72AC9AE7F00A2A502 /* Base */ = {isa = PBXFileReference; lastKnownFileType = file.storyboard; name = Base; path = Base.lproj/LaunchScreen.storyboard; sourceTree = "<group>"; };
		E1ADE5D92AC9AE7F00A2A502 /* Info.plist */ = {isa = PBXFileReference; lastKnownFileType = text.plist.xml; path = Info.plist; sourceTree = "<group>"; };
		E1ADE5DF2AC9B51C00A2A502 /* SignupViewController.swift */ = {isa = PBXFileReference; lastKnownFileType = sourcecode.swift; path = SignupViewController.swift; sourceTree = "<group>"; };
/* End PBXFileReference section */

/* Begin PBXFrameworksBuildPhase section */
		E1ADE5C52AC9AE7E00A2A502 /* Frameworks */ = {
			isa = PBXFrameworksBuildPhase;
			buildActionMask = 2147483647;
			files = (
				CFBA605E1A0AFE1BD4EDD50F /* Pods_Medbook.framework in Frameworks */,
			);
			runOnlyForDeploymentPostprocessing = 0;
		};
/* End PBXFrameworksBuildPhase section */

/* Begin PBXGroup section */
		844C9B932ACA88660068CEA5 /* Degular */ = {
			isa = PBXGroup;
			children = (
				844C9B942ACA88660068CEA5 /* Degular-Regular.ttf */,
				844C9B952ACA88660068CEA5 /* Degular-Bold.ttf */,
				844C9B962ACA88660068CEA5 /* Degular-Medium.ttf */,
				844C9B972ACA88660068CEA5 /* Degular-Semibold.ttf */,
			);
			path = Degular;
			sourceTree = "<group>";
		};
		844C9BA42ACAB4A70068CEA5 /* Presenter */ = {
			isa = PBXGroup;
			children = (
				844C9BA52ACAB4B70068CEA5 /* SignupPresenter.swift */,
			);
			path = Presenter;
			sourceTree = "<group>";
		};
		844C9BA72ACAB5880068CEA5 /* Modal */ = {
			isa = PBXGroup;
			children = (
				844C9BA82ACAB5940068CEA5 /* SignupModal.swift */,
			);
			path = Modal;
			sourceTree = "<group>";
		};
		844C9C012ACB13D90068CEA5 /* CoreData */ = {
			isa = PBXGroup;
			children = (
			);
			path = CoreData;
			sourceTree = "<group>";
		};
		844C9C062ACB29C50068CEA5 /* Helpers */ = {
			isa = PBXGroup;
			children = (
				844C9B9E2ACA8A490068CEA5 /* UIColorExtension.swift */,
				844C9BA02ACA8C8A0068CEA5 /* UIViewControllerExtension.swift */,
				844C9BA22ACAA7480068CEA5 /* TextFields.swift */,
				844C9BAA2ACB043A0068CEA5 /* UserProfileHelper.swift */,
			);
			path = Helpers;
			sourceTree = "<group>";
		};
		AAD42E2269CA9E0C5462A0F1 /* Frameworks */ = {
			isa = PBXGroup;
			children = (
				DA869001255E41BFED53A05C /* Pods_Medbook.framework */,
			);
			name = Frameworks;
			sourceTree = "<group>";
		};
		E1086C512AC9BFF5005D1B7E /* SignupFLow */ = {
			isa = PBXGroup;
			children = (
				844C9BA72ACAB5880068CEA5 /* Modal */,
				844C9BA42ACAB4A70068CEA5 /* Presenter */,
				E1086C592AC9C27D005D1B7E /* Controller */,
				E1086C5A2AC9C286005D1B7E /* View */,
			);
			path = SignupFLow;
			sourceTree = "<group>";
		};
		E1086C522AC9C002005D1B7E /* HomeScreen */ = {
			isa = PBXGroup;
			children = (
				844C9C012ACB13D90068CEA5 /* CoreData */,
				E1086C5B2AC9C290005D1B7E /* Controller */,
				E1086C5C2AC9C298005D1B7E /* View */,
			);
			path = HomeScreen;
			sourceTree = "<group>";
		};
		E1086C592AC9C27D005D1B7E /* Controller */ = {
			isa = PBXGroup;
			children = (
				E1ADE5DF2AC9B51C00A2A502 /* SignupViewController.swift */,
			);
			path = Controller;
			sourceTree = "<group>";
		};
		E1086C5A2AC9C286005D1B7E /* View */ = {
			isa = PBXGroup;
			children = (
				E1086C4F2AC9BD2E005D1B7E /* SignupViewController.storyboard */,
			);
			path = View;
			sourceTree = "<group>";
		};
		E1086C5B2AC9C290005D1B7E /* Controller */ = {
			isa = PBXGroup;
			children = (
				E1086C532AC9C015005D1B7E /* HomeViewController.swift */,
			);
			path = Controller;
			sourceTree = "<group>";
		};
		E1086C5C2AC9C298005D1B7E /* View */ = {
			isa = PBXGroup;
			children = (
				E1086C572AC9C047005D1B7E /* HomeViewController.storyboard */,
			);
			path = View;
			sourceTree = "<group>";
		};
		E1ADE5BF2AC9AE7E00A2A502 = {
			isa = PBXGroup;
			children = (
				E1ADE5CA2AC9AE7E00A2A502 /* Medbook */,
				E1ADE5C92AC9AE7E00A2A502 /* Products */,
				E9CA8F12344BBA25EB4A3491 /* Pods */,
				AAD42E2269CA9E0C5462A0F1 /* Frameworks */,
			);
			sourceTree = "<group>";
		};
		E1ADE5C92AC9AE7E00A2A502 /* Products */ = {
			isa = PBXGroup;
			children = (
				E1ADE5C82AC9AE7E00A2A502 /* Medbook.app */,
			);
			name = Products;
			sourceTree = "<group>";
		};
		E1ADE5CA2AC9AE7E00A2A502 /* Medbook */ = {
			isa = PBXGroup;
			children = (
				E1086C522AC9C002005D1B7E /* HomeScreen */,
				E1ADE5CB2AC9AE7E00A2A502 /* AppDelegate.swift */,
				E1ADE5CD2AC9AE7E00A2A502 /* SceneDelegate.swift */,
				E1ADE5CF2AC9AE7E00A2A502 /* AppLandingScreen.swift */,
				844C9C062ACB29C50068CEA5 /* Helpers */,
				E1ADE5D12AC9AE7E00A2A502 /* Main.storyboard */,
				E1ADE5D42AC9AE7F00A2A502 /* Assets.xcassets */,
				E1ADE5D62AC9AE7F00A2A502 /* LaunchScreen.storyboard */,
				E1ADE5D92AC9AE7F00A2A502 /* Info.plist */,
				844C9B9C2ACA893D0068CEA5 /* UIFontExtension.swift */,
				844C9B932ACA88660068CEA5 /* Degular */,
				E1086C512AC9BFF5005D1B7E /* SignupFLow */,
				844C9BFE2ACB12E40068CEA5 /* MedBook.xcdatamodeld */,
			);
			path = Medbook;
			sourceTree = "<group>";
		};
		E9CA8F12344BBA25EB4A3491 /* Pods */ = {
			isa = PBXGroup;
			children = (
				82A39C0E3010E7CAA2587A36 /* Pods-Medbook.debug.xcconfig */,
				82232A3A648B5F6A59A8C52E /* Pods-Medbook.release.xcconfig */,
			);
			path = Pods;
			sourceTree = "<group>";
		};
/* End PBXGroup section */

/* Begin PBXNativeTarget section */
		E1ADE5C72AC9AE7E00A2A502 /* Medbook */ = {
			isa = PBXNativeTarget;
			buildConfigurationList = E1ADE5DC2AC9AE7F00A2A502 /* Build configuration list for PBXNativeTarget "Medbook" */;
			buildPhases = (
				824394C63D5ADD5C979B3287 /* [CP] Check Pods Manifest.lock */,
				E1ADE5C42AC9AE7E00A2A502 /* Sources */,
				E1ADE5C52AC9AE7E00A2A502 /* Frameworks */,
				E1ADE5C62AC9AE7E00A2A502 /* Resources */,
				6CB00FBCDC860C63ADCA5392 /* [CP] Embed Pods Frameworks */,
			);
			buildRules = (
			);
			dependencies = (
			);
			name = Medbook;
			productName = Medbook;
			productReference = E1ADE5C82AC9AE7E00A2A502 /* Medbook.app */;
			productType = "com.apple.product-type.application";
		};
/* End PBXNativeTarget section */

/* Begin PBXProject section */
		E1ADE5C02AC9AE7E00A2A502 /* Project object */ = {
			isa = PBXProject;
			attributes = {
				BuildIndependentTargetsInParallel = 1;
				LastSwiftUpdateCheck = 1420;
				LastUpgradeCheck = 1420;
				TargetAttributes = {
					E1ADE5C72AC9AE7E00A2A502 = {
						CreatedOnToolsVersion = 14.2;
					};
				};
			};
			buildConfigurationList = E1ADE5C32AC9AE7E00A2A502 /* Build configuration list for PBXProject "Medbook" */;
			compatibilityVersion = "Xcode 14.0";
			developmentRegion = en;
			hasScannedForEncodings = 0;
			knownRegions = (
				en,
				Base,
			);
			mainGroup = E1ADE5BF2AC9AE7E00A2A502;
			productRefGroup = E1ADE5C92AC9AE7E00A2A502 /* Products */;
			projectDirPath = "";
			projectRoot = "";
			targets = (
				E1ADE5C72AC9AE7E00A2A502 /* Medbook */,
			);
		};
/* End PBXProject section */

/* Begin PBXResourcesBuildPhase section */
		E1ADE5C62AC9AE7E00A2A502 /* Resources */ = {
			isa = PBXResourcesBuildPhase;
			buildActionMask = 2147483647;
			files = (
				844C9B9A2ACA88660068CEA5 /* Degular-Medium.ttf in Resources */,
				844C9B982ACA88660068CEA5 /* Degular-Regular.ttf in Resources */,
				E1086C582AC9C047005D1B7E /* HomeViewController.storyboard in Resources */,
				844C9B9B2ACA88660068CEA5 /* Degular-Semibold.ttf in Resources */,
				844C9B992ACA88660068CEA5 /* Degular-Bold.ttf in Resources */,
				E1ADE5D82AC9AE7F00A2A502 /* LaunchScreen.storyboard in Resources */,
				E1ADE5D52AC9AE7F00A2A502 /* Assets.xcassets in Resources */,
				E1ADE5D32AC9AE7E00A2A502 /* Main.storyboard in Resources */,
				E1086C502AC9BD2E005D1B7E /* SignupViewController.storyboard in Resources */,
			);
			runOnlyForDeploymentPostprocessing = 0;
		};
/* End PBXResourcesBuildPhase section */

/* Begin PBXShellScriptBuildPhase section */
		6CB00FBCDC860C63ADCA5392 /* [CP] Embed Pods Frameworks */ = {
			isa = PBXShellScriptBuildPhase;
			buildActionMask = 2147483647;
			files = (
			);
			inputFileListPaths = (
				"${PODS_ROOT}/Target Support Files/Pods-Medbook/Pods-Medbook-frameworks-${CONFIGURATION}-input-files.xcfilelist",
			);
			name = "[CP] Embed Pods Frameworks";
			outputFileListPaths = (
				"${PODS_ROOT}/Target Support Files/Pods-Medbook/Pods-Medbook-frameworks-${CONFIGURATION}-output-files.xcfilelist",
			);
			runOnlyForDeploymentPostprocessing = 0;
			shellPath = /bin/sh;
			shellScript = "\"${PODS_ROOT}/Target Support Files/Pods-Medbook/Pods-Medbook-frameworks.sh\"\n";
			showEnvVarsInLog = 0;
		};
		824394C63D5ADD5C979B3287 /* [CP] Check Pods Manifest.lock */ = {
			isa = PBXShellScriptBuildPhase;
			buildActionMask = 2147483647;
			files = (
			);
			inputFileListPaths = (
			);
			inputPaths = (
				"${PODS_PODFILE_DIR_PATH}/Podfile.lock",
				"${PODS_ROOT}/Manifest.lock",
			);
			name = "[CP] Check Pods Manifest.lock";
			outputFileListPaths = (
			);
			outputPaths = (
				"$(DERIVED_FILE_DIR)/Pods-Medbook-checkManifestLockResult.txt",
			);
			runOnlyForDeploymentPostprocessing = 0;
			shellPath = /bin/sh;
			shellScript = "diff \"${PODS_PODFILE_DIR_PATH}/Podfile.lock\" \"${PODS_ROOT}/Manifest.lock\" > /dev/null\nif [ $? != 0 ] ; then\n    # print error to STDERR\n    echo \"error: The sandbox is not in sync with the Podfile.lock. Run 'pod install' or update your CocoaPods installation.\" >&2\n    exit 1\nfi\n# This output is used by Xcode 'outputs' to avoid re-running this script phase.\necho \"SUCCESS\" > \"${SCRIPT_OUTPUT_FILE_0}\"\n";
			showEnvVarsInLog = 0;
		};
/* End PBXShellScriptBuildPhase section */

/* Begin PBXSourcesBuildPhase section */
		E1ADE5C42AC9AE7E00A2A502 /* Sources */ = {
			isa = PBXSourcesBuildPhase;
			buildActionMask = 2147483647;
			files = (
				E1086C552AC9C015005D1B7E /* HomeViewController.swift in Sources */,
				844C9BA92ACAB5940068CEA5 /* SignupModal.swift in Sources */,
				844C9BAB2ACB043A0068CEA5 /* UserProfileHelper.swift in Sources */,
				844C9B9F2ACA8A490068CEA5 /* UIColorExtension.swift in Sources */,
				E1ADE5D02AC9AE7E00A2A502 /* AppLandingScreen.swift in Sources */,
				E1ADE5CC2AC9AE7E00A2A502 /* AppDelegate.swift in Sources */,
				844C9BA12ACA8C8A0068CEA5 /* UIViewControllerExtension.swift in Sources */,
				844C9BA32ACAA7480068CEA5 /* TextFields.swift in Sources */,
				844C9BA62ACAB4B70068CEA5 /* SignupPresenter.swift in Sources */,
				844C9C002ACB12E40068CEA5 /* MedBook.xcdatamodeld in Sources */,
				E1ADE5E02AC9B51C00A2A502 /* SignupViewController.swift in Sources */,
				844C9B9D2ACA893D0068CEA5 /* UIFontExtension.swift in Sources */,
				E1ADE5CE2AC9AE7E00A2A502 /* SceneDelegate.swift in Sources */,
			);
			runOnlyForDeploymentPostprocessing = 0;
		};
/* End PBXSourcesBuildPhase section */

/* Begin PBXVariantGroup section */
		E1ADE5D12AC9AE7E00A2A502 /* Main.storyboard */ = {
			isa = PBXVariantGroup;
			children = (
				E1ADE5D22AC9AE7E00A2A502 /* Base */,
			);
			name = Main.storyboard;
			sourceTree = "<group>";
		};
		E1ADE5D62AC9AE7F00A2A502 /* LaunchScreen.storyboard */ = {
			isa = PBXVariantGroup;
			children = (
				E1ADE5D72AC9AE7F00A2A502 /* Base */,
			);
			name = LaunchScreen.storyboard;
			sourceTree = "<group>";
		};
/* End PBXVariantGroup section */

/* Begin XCBuildConfiguration section */
		E1ADE5DA2AC9AE7F00A2A502 /* Debug */ = {
			isa = XCBuildConfiguration;
			buildSettings = {
				ALWAYS_SEARCH_USER_PATHS = NO;
				CLANG_ANALYZER_NONNULL = YES;
				CLANG_ANALYZER_NUMBER_OBJECT_CONVERSION = YES_AGGRESSIVE;
				CLANG_CXX_LANGUAGE_STANDARD = "gnu++20";
				CLANG_ENABLE_MODULES = YES;
				CLANG_ENABLE_OBJC_ARC = YES;
				CLANG_ENABLE_OBJC_WEAK = YES;
				CLANG_WARN_BLOCK_CAPTURE_AUTORELEASING = YES;
				CLANG_WARN_BOOL_CONVERSION = YES;
				CLANG_WARN_COMMA = YES;
				CLANG_WARN_CONSTANT_CONVERSION = YES;
				CLANG_WARN_DEPRECATED_OBJC_IMPLEMENTATIONS = YES;
				CLANG_WARN_DIRECT_OBJC_ISA_USAGE = YES_ERROR;
				CLANG_WARN_DOCUMENTATION_COMMENTS = YES;
				CLANG_WARN_EMPTY_BODY = YES;
				CLANG_WARN_ENUM_CONVERSION = YES;
				CLANG_WARN_INFINITE_RECURSION = YES;
				CLANG_WARN_INT_CONVERSION = YES;
				CLANG_WARN_NON_LITERAL_NULL_CONVERSION = YES;
				CLANG_WARN_OBJC_IMPLICIT_RETAIN_SELF = YES;
				CLANG_WARN_OBJC_LITERAL_CONVERSION = YES;
				CLANG_WARN_OBJC_ROOT_CLASS = YES_ERROR;
				CLANG_WARN_QUOTED_INCLUDE_IN_FRAMEWORK_HEADER = YES;
				CLANG_WARN_RANGE_LOOP_ANALYSIS = YES;
				CLANG_WARN_STRICT_PROTOTYPES = YES;
				CLANG_WARN_SUSPICIOUS_MOVE = YES;
				CLANG_WARN_UNGUARDED_AVAILABILITY = YES_AGGRESSIVE;
				CLANG_WARN_UNREACHABLE_CODE = YES;
				CLANG_WARN__DUPLICATE_METHOD_MATCH = YES;
				COPY_PHASE_STRIP = NO;
				DEBUG_INFORMATION_FORMAT = dwarf;
				ENABLE_STRICT_OBJC_MSGSEND = YES;
				ENABLE_TESTABILITY = YES;
				GCC_C_LANGUAGE_STANDARD = gnu11;
				GCC_DYNAMIC_NO_PIC = NO;
				GCC_NO_COMMON_BLOCKS = YES;
				GCC_OPTIMIZATION_LEVEL = 0;
				GCC_PREPROCESSOR_DEFINITIONS = (
					"DEBUG=1",
					"$(inherited)",
				);
				GCC_WARN_64_TO_32_BIT_CONVERSION = YES;
				GCC_WARN_ABOUT_RETURN_TYPE = YES_ERROR;
				GCC_WARN_UNDECLARED_SELECTOR = YES;
				GCC_WARN_UNINITIALIZED_AUTOS = YES_AGGRESSIVE;
				GCC_WARN_UNUSED_FUNCTION = YES;
				GCC_WARN_UNUSED_VARIABLE = YES;
				IPHONEOS_DEPLOYMENT_TARGET = 16.2;
				MTL_ENABLE_DEBUG_INFO = INCLUDE_SOURCE;
				MTL_FAST_MATH = YES;
				ONLY_ACTIVE_ARCH = YES;
				SDKROOT = iphoneos;
				SWIFT_ACTIVE_COMPILATION_CONDITIONS = DEBUG;
				SWIFT_OPTIMIZATION_LEVEL = "-Onone";
			};
			name = Debug;
		};
		E1ADE5DB2AC9AE7F00A2A502 /* Release */ = {
			isa = XCBuildConfiguration;
			buildSettings = {
				ALWAYS_SEARCH_USER_PATHS = NO;
				CLANG_ANALYZER_NONNULL = YES;
				CLANG_ANALYZER_NUMBER_OBJECT_CONVERSION = YES_AGGRESSIVE;
				CLANG_CXX_LANGUAGE_STANDARD = "gnu++20";
				CLANG_ENABLE_MODULES = YES;
				CLANG_ENABLE_OBJC_ARC = YES;
				CLANG_ENABLE_OBJC_WEAK = YES;
				CLANG_WARN_BLOCK_CAPTURE_AUTORELEASING = YES;
				CLANG_WARN_BOOL_CONVERSION = YES;
				CLANG_WARN_COMMA = YES;
				CLANG_WARN_CONSTANT_CONVERSION = YES;
				CLANG_WARN_DEPRECATED_OBJC_IMPLEMENTATIONS = YES;
				CLANG_WARN_DIRECT_OBJC_ISA_USAGE = YES_ERROR;
				CLANG_WARN_DOCUMENTATION_COMMENTS = YES;
				CLANG_WARN_EMPTY_BODY = YES;
				CLANG_WARN_ENUM_CONVERSION = YES;
				CLANG_WARN_INFINITE_RECURSION = YES;
				CLANG_WARN_INT_CONVERSION = YES;
				CLANG_WARN_NON_LITERAL_NULL_CONVERSION = YES;
				CLANG_WARN_OBJC_IMPLICIT_RETAIN_SELF = YES;
				CLANG_WARN_OBJC_LITERAL_CONVERSION = YES;
				CLANG_WARN_OBJC_ROOT_CLASS = YES_ERROR;
				CLANG_WARN_QUOTED_INCLUDE_IN_FRAMEWORK_HEADER = YES;
				CLANG_WARN_RANGE_LOOP_ANALYSIS = YES;
				CLANG_WARN_STRICT_PROTOTYPES = YES;
				CLANG_WARN_SUSPICIOUS_MOVE = YES;
				CLANG_WARN_UNGUARDED_AVAILABILITY = YES_AGGRESSIVE;
				CLANG_WARN_UNREACHABLE_CODE = YES;
				CLANG_WARN__DUPLICATE_METHOD_MATCH = YES;
				COPY_PHASE_STRIP = NO;
				DEBUG_INFORMATION_FORMAT = "dwarf-with-dsym";
				ENABLE_NS_ASSERTIONS = NO;
				ENABLE_STRICT_OBJC_MSGSEND = YES;
				GCC_C_LANGUAGE_STANDARD = gnu11;
				GCC_NO_COMMON_BLOCKS = YES;
				GCC_WARN_64_TO_32_BIT_CONVERSION = YES;
				GCC_WARN_ABOUT_RETURN_TYPE = YES_ERROR;
				GCC_WARN_UNDECLARED_SELECTOR = YES;
				GCC_WARN_UNINITIALIZED_AUTOS = YES_AGGRESSIVE;
				GCC_WARN_UNUSED_FUNCTION = YES;
				GCC_WARN_UNUSED_VARIABLE = YES;
				IPHONEOS_DEPLOYMENT_TARGET = 16.2;
				MTL_ENABLE_DEBUG_INFO = NO;
				MTL_FAST_MATH = YES;
				SDKROOT = iphoneos;
				SWIFT_COMPILATION_MODE = wholemodule;
				SWIFT_OPTIMIZATION_LEVEL = "-O";
				VALIDATE_PRODUCT = YES;
			};
			name = Release;
		};
		E1ADE5DD2AC9AE7F00A2A502 /* Debug */ = {
			isa = XCBuildConfiguration;
			baseConfigurationReference = 82A39C0E3010E7CAA2587A36 /* Pods-Medbook.debug.xcconfig */;
			buildSettings = {
				ASSETCATALOG_COMPILER_APPICON_NAME = AppIcon;
				ASSETCATALOG_COMPILER_GLOBAL_ACCENT_COLOR_NAME = AccentColor;
				CODE_SIGN_STYLE = Automatic;
				CURRENT_PROJECT_VERSION = 1;
				GENERATE_INFOPLIST_FILE = YES;
				INFOPLIST_FILE = Medbook/Info.plist;
				INFOPLIST_KEY_UIApplicationSupportsIndirectInputEvents = YES;
				INFOPLIST_KEY_UILaunchStoryboardName = LaunchScreen;
				INFOPLIST_KEY_UIMainStoryboardFile = Main;
				INFOPLIST_KEY_UISupportedInterfaceOrientations_iPad = "UIInterfaceOrientationPortrait UIInterfaceOrientationPortraitUpsideDown UIInterfaceOrientationLandscapeLeft UIInterfaceOrientationLandscapeRight";
				INFOPLIST_KEY_UISupportedInterfaceOrientations_iPhone = "UIInterfaceOrientationPortrait UIInterfaceOrientationLandscapeLeft UIInterfaceOrientationLandscapeRight";
				LD_RUNPATH_SEARCH_PATHS = (
					"$(inherited)",
					"@executable_path/Frameworks",
				);
				MARKETING_VERSION = 1.0;
				PRODUCT_BUNDLE_IDENTIFIER = medbook.Medbook;
				PRODUCT_NAME = "$(TARGET_NAME)";
				SWIFT_EMIT_LOC_STRINGS = YES;
				SWIFT_VERSION = 5.0;
				TARGETED_DEVICE_FAMILY = "1,2";
			};
			name = Debug;
		};
		E1ADE5DE2AC9AE7F00A2A502 /* Release */ = {
			isa = XCBuildConfiguration;
			baseConfigurationReference = 82232A3A648B5F6A59A8C52E /* Pods-Medbook.release.xcconfig */;
			buildSettings = {
				ASSETCATALOG_COMPILER_APPICON_NAME = AppIcon;
				ASSETCATALOG_COMPILER_GLOBAL_ACCENT_COLOR_NAME = AccentColor;
				CODE_SIGN_STYLE = Automatic;
				CURRENT_PROJECT_VERSION = 1;
				GENERATE_INFOPLIST_FILE = YES;
				INFOPLIST_FILE = Medbook/Info.plist;
				INFOPLIST_KEY_UIApplicationSupportsIndirectInputEvents = YES;
				INFOPLIST_KEY_UILaunchStoryboardName = LaunchScreen;
				INFOPLIST_KEY_UIMainStoryboardFile = Main;
				INFOPLIST_KEY_UISupportedInterfaceOrientations_iPad = "UIInterfaceOrientationPortrait UIInterfaceOrientationPortraitUpsideDown UIInterfaceOrientationLandscapeLeft UIInterfaceOrientationLandscapeRight";
				INFOPLIST_KEY_UISupportedInterfaceOrientations_iPhone = "UIInterfaceOrientationPortrait UIInterfaceOrientationLandscapeLeft UIInterfaceOrientationLandscapeRight";
				LD_RUNPATH_SEARCH_PATHS = (
					"$(inherited)",
					"@executable_path/Frameworks",
				);
				MARKETING_VERSION = 1.0;
				PRODUCT_BUNDLE_IDENTIFIER = medbook.Medbook;
				PRODUCT_NAME = "$(TARGET_NAME)";
				SWIFT_EMIT_LOC_STRINGS = YES;
				SWIFT_VERSION = 5.0;
				TARGETED_DEVICE_FAMILY = "1,2";
			};
			name = Release;
		};
/* End XCBuildConfiguration section */

/* Begin XCConfigurationList section */
		E1ADE5C32AC9AE7E00A2A502 /* Build configuration list for PBXProject "Medbook" */ = {
			isa = XCConfigurationList;
			buildConfigurations = (
				E1ADE5DA2AC9AE7F00A2A502 /* Debug */,
				E1ADE5DB2AC9AE7F00A2A502 /* Release */,
			);
			defaultConfigurationIsVisible = 0;
			defaultConfigurationName = Release;
		};
		E1ADE5DC2AC9AE7F00A2A502 /* Build configuration list for PBXNativeTarget "Medbook" */ = {
			isa = XCConfigurationList;
			buildConfigurations = (
				E1ADE5DD2AC9AE7F00A2A502 /* Debug */,
				E1ADE5DE2AC9AE7F00A2A502 /* Release */,
			);
			defaultConfigurationIsVisible = 0;
			defaultConfigurationName = Release;
		};
/* End XCConfigurationList section */

/* Begin XCVersionGroup section */
		844C9BFE2ACB12E40068CEA5 /* MedBook.xcdatamodeld */ = {
			isa = XCVersionGroup;
			children = (
				844C9BFF2ACB12E40068CEA5 /* MedBook.xcdatamodel */,
			);
			currentVersion = 844C9BFF2ACB12E40068CEA5 /* MedBook.xcdatamodel */;
			path = MedBook.xcdatamodeld;
			sourceTree = "<group>";
			versionGroupType = wrapper.xcdatamodel;
		};
/* End XCVersionGroup section */
	};
	rootObject = E1ADE5C02AC9AE7E00A2A502 /* Project object */;
}
